
Microsoft Visual Studio Solution File, Format Version 12.00
# Visual Studio Version 17
VisualStudioVersion = 17.8.34322.80
MinimumVisualStudioVersion = 10.0.40219.1
Project("{FAE04EC0-301F-11D3-BF4B-00C04F79EFBC}") = "Countdown", "Countdown.csproj", "{D857A678-C465-4F3B-8CC3-92572ED31150}"
EndProject
Global
	GlobalSection(SolutionConfigurationPlatforms) = preSolution
		Debug|Any CPU = Debug|Any CPU
		Release|Any CPU = Release|Any CPU
	EndGlobalSection
	GlobalSection(ProjectConfigurationPlatforms) = postSolution
		{D857A678-C465-4F3B-8CC3-92572ED31150}.Debug|Any CPU.ActiveCfg = Debug|Any CPU
		{D857A678-C465-4F3B-8CC3-92572ED31150}.Debug|Any CPU.Build.0 = Debug|Any CPU
		{D857A678-C465-4F3B-8CC3-92572ED31150}.Release|Any CPU.ActiveCfg = Release|Any CPU
		{D857A678-C465-4F3B-8CC3-92572ED31150}.Release|Any CPU.Build.0 = Release|Any CPU
	EndGlobalSection
	GlobalSection(SolutionProperties) = preSolution
		HideSolutionNode = FALSE
	EndGlobalSection
	GlobalSection(ExtensibilityGlobals) = postSolution
		SolutionGuid = {646B68B7-D314-467C-A8B5-ABEDBD9804C5}
	EndGlobalSection
EndGlobal
